
Microsoft Visual Studio Solution File, Format Version 12.00
# Visual Studio 15
VisualStudioVersion = 15.0.27130.2027
MinimumVisualStudioVersion = 10.0.40219.1
Project("{FAE04EC0-301F-11D3-BF4B-00C04F79EFBC}") = "WebApplication1", "WebApplication1\WebApplication1.csproj", "{56F76103-838F-422D-94D9-433A39F0DEC6}"
EndProject
Global
	GlobalSection(SolutionConfigurationPlatforms) = preSolution
		Debug|Any CPU = Debug|Any CPU
		Release|Any CPU = Release|Any CPU
	EndGlobalSection
	GlobalSection(ProjectConfigurationPlatforms) = postSolution
		{56F76103-838F-422D-94D9-433A39F0DEC6}.Debug|Any CPU.ActiveCfg = Debug|Any CPU
		{56F76103-838F-422D-94D9-433A39F0DEC6}.Debug|Any CPU.Build.0 = Debug|Any CPU
		{56F76103-838F-422D-94D9-433A39F0DEC6}.Release|Any CPU.ActiveCfg = Release|Any CPU
		{56F76103-838F-422D-94D9-433A39F0DEC6}.Release|Any CPU.Build.0 = Release|Any CPU
	EndGlobalSection
	GlobalSection(SolutionProperties) = preSolution
		HideSolutionNode = FALSE
	EndGlobalSection
	GlobalSection(ExtensibilityGlobals) = postSolution
		SolutionGuid = {EEB7E3FB-42A2-4DC1-9491-F10EE0228BEE}
	EndGlobalSection
EndGlobal
